
Microsoft Visual Studio Solution File, Format Version 12.00
# Visual Studio Version 17
VisualStudioVersion = 17.2.32630.192
MinimumVisualStudioVersion = 10.0.40219.1
Project("{FAE04EC0-301F-11D3-BF4B-00C04F79EFBC}") = "WebApiWithAuth.Server", "WebApiWithAuth\Server\WebApiWithAuth.Server.csproj", "{DCAF1E00-75A7-4444-9213-34267DCF8FF9}"
EndProject
Project("{FAE04EC0-301F-11D3-BF4B-00C04F79EFBC}") = "WebApiWithAuth.Client", "WebApiWithAuth\Client\WebApiWithAuth.Client.csproj", "{EECBC65A-FFFB-4824-B3A1-7401BF5B65F3}"
EndProject
Project("{FAE04EC0-301F-11D3-BF4B-00C04F79EFBC}") = "WebApiWithAuth.Shared", "WebApiWithAuth\Shared\WebApiWithAuth.Shared.csproj", "{C9A5A229-8630-4839-8E59-DBE34AC7D46A}"
EndProject
Global
	GlobalSection(SolutionConfigurationPlatforms) = preSolution
		Debug|Any CPU = Debug|Any CPU
		Release|Any CPU = Release|Any CPU
	EndGlobalSection
	GlobalSection(ProjectConfigurationPlatforms) = postSolution
		{DCAF1E00-75A7-4444-9213-34267DCF8FF9}.Debug|Any CPU.ActiveCfg = Debug|Any CPU
		{DCAF1E00-75A7-4444-9213-34267DCF8FF9}.Debug|Any CPU.Build.0 = Debug|Any CPU
		{DCAF1E00-75A7-4444-9213-34267DCF8FF9}.Release|Any CPU.ActiveCfg = Release|Any CPU
		{DCAF1E00-75A7-4444-9213-34267DCF8FF9}.Release|Any CPU.Build.0 = Release|Any CPU
		{EECBC65A-FFFB-4824-B3A1-7401BF5B65F3}.Debug|Any CPU.ActiveCfg = Debug|Any CPU
		{EECBC65A-FFFB-4824-B3A1-7401BF5B65F3}.Debug|Any CPU.Build.0 = Debug|Any CPU
		{EECBC65A-FFFB-4824-B3A1-7401BF5B65F3}.Release|Any CPU.ActiveCfg = Release|Any CPU
		{EECBC65A-FFFB-4824-B3A1-7401BF5B65F3}.Release|Any CPU.Build.0 = Release|Any CPU
		{C9A5A229-8630-4839-8E59-DBE34AC7D46A}.Debug|Any CPU.ActiveCfg = Debug|Any CPU
		{C9A5A229-8630-4839-8E59-DBE34AC7D46A}.Debug|Any CPU.Build.0 = Debug|Any CPU
		{C9A5A229-8630-4839-8E59-DBE34AC7D46A}.Release|Any CPU.ActiveCfg = Release|Any CPU
		{C9A5A229-8630-4839-8E59-DBE34AC7D46A}.Release|Any CPU.Build.0 = Release|Any CPU
	EndGlobalSection
	GlobalSection(SolutionProperties) = preSolution
		HideSolutionNode = FALSE
	EndGlobalSection
	GlobalSection(ExtensibilityGlobals) = postSolution
		SolutionGuid = {DD66C146-3C8E-46A1-973A-88BDA9B93EF7}
	EndGlobalSection
EndGlobal
